PODS:
  - RxCocoa (4.1.2):
    - RxSwift (~> 4.0)
  - RxSwift (4.1.2)
  - SwiftyGif (4.1.0)

DEPENDENCIES:
  - RxCocoa
  - RxSwift
  - SwiftyGif

SPEC CHECKSUMS:
  RxCocoa: d88ba0f1f6abf040011a9eb4b539324fc426843a
  RxSwift: e49536837d9901277638493ea537394d4b55f570
  SwiftyGif: d36c6dfb52e2ca1e48fe349d225f50ec4123ec85

PODFILE CHECKSUM: 98d646cbc0daf535fc46fc47ae49185b437b6c1b

COCOAPODS: 1.4.0
