PODS:
  - Realm (3.11.1):
    - Realm/Headers (= 3.11.1)
  - Realm/Headers (3.11.1)
  - RealmSwift (3.11.1):
    - Realm (= 3.11.1)
  - RxCocoa (4.3.1):
    - RxSwift (~> 4.0)
  - RxSwift (4.3.1)
  - SwiftyGif (4.2.0)

DEPENDENCIES:
  - RealmSwift (~> 3.11.1)
  - RxCocoa (~> 4.3.1)
  - RxSwift (~> 4.3.1)
  - SwiftyGif (~> 4.2)

SPEC REPOS:
  https://github.com/cocoapods/specs.git:
    - Realm
    - RealmSwift
    - RxCocoa
    - RxSwift
    - SwiftyGif

SPEC CHECKSUMS:
  Realm: 037c5919b9ceb59d6beed5d3b031096856b119b3
  RealmSwift: c9580133e73ef40ed340401af2dbc9a5790dfea7
  RxCocoa: 78763c7b07d02455598d9fc3c1ad091a28b73635
  RxSwift: fe0fd770a43acdb7d0a53da411c9b892e69bb6e4
  SwiftyGif: a149bf84df23370592f3f075561ae02c8632a314

PODFILE CHECKSUM: 43a29d34428b9d07481b08890cb9bac517f57c33

COCOAPODS: 1.5.3
