// !$*UTF8*$!
{
	archiveVersion = 1;
	classes = {
	};
	objectVersion = 48;
	objects = {

/* Begin PBXBuildFile section */
		3523DF072029714F0087D20A /* WunderTDD.xcdatamodeld in Sources */ = {isa = PBXBuildFile; fileRef = 35B825E52017F5FE003A4CA1 /* WunderTDD.xcdatamodeld */; };
		3542A6282017FEA0002E8A8E /* WWunderAPI.swift in Sources */ = {isa = PBXBuildFile; fileRef = 3542A6272017FEA0002E8A8E /* WWunderAPI.swift */; };
		3542A62A20180831002E8A8E /* WeatherJSONStruct.swift in Sources */ = {isa = PBXBuildFile; fileRef = 3542A62920180831002E8A8E /* WeatherJSONStruct.swift */; };
		3542A62D20181906002E8A8E /* WWeatheTableViewCell.swift in Sources */ = {isa = PBXBuildFile; fileRef = 3542A62C20181906002E8A8E /* WWeatheTableViewCell.swift */; };
		35509A7E201B0B1C00669891 /* String+URLComponents.swift in Sources */ = {isa = PBXBuildFile; fileRef = 35509A7D201B0B1C00669891 /* String+URLComponents.swift */; };
		35586FC020294CB1001D3BF2 /* Interface.storyboard in Resources */ = {isa = PBXBuildFile; fileRef = 35586FBE20294CB1001D3BF2 /* Interface.storyboard */; };
		35586FC220294CB1001D3BF2 /* Assets.xcassets in Resources */ = {isa = PBXBuildFile; fileRef = 35586FC120294CB1001D3BF2 /* Assets.xcassets */; };
		35586FC920294CB1001D3BF2 /* WatchTDD Extension.appex in Embed App Extensions */ = {isa = PBXBuildFile; fileRef = 35586FC820294CB1001D3BF2 /* WatchTDD Extension.appex */; settings = {ATTRIBUTES = (RemoveHeadersOnCopy, ); }; };
		35586FD020294CB1001D3BF2 /* ExtensionDelegate.swift in Sources */ = {isa = PBXBuildFile; fileRef = 35586FCF20294CB1001D3BF2 /* ExtensionDelegate.swift */; };
		35586FD220294CB1001D3BF2 /* NotificationController.swift in Sources */ = {isa = PBXBuildFile; fileRef = 35586FD120294CB1001D3BF2 /* NotificationController.swift */; };
		35586FD420294CB1001D3BF2 /* Assets.xcassets in Resources */ = {isa = PBXBuildFile; fileRef = 35586FD320294CB1001D3BF2 /* Assets.xcassets */; };
		35B825E42017F5FE003A4CA1 /* AppDelegate.swift in Sources */ = {isa = PBXBuildFile; fileRef = 35B825E32017F5FE003A4CA1 /* AppDelegate.swift */; };
		35B825E72017F5FE003A4CA1 /* WunderTDD.xcdatamodeld in Sources */ = {isa = PBXBuildFile; fileRef = 35B825E52017F5FE003A4CA1 /* WunderTDD.xcdatamodeld */; };
		35B825E92017F5FE003A4CA1 /* WWeatherListViewController.swift in Sources */ = {isa = PBXBuildFile; fileRef = 35B825E82017F5FE003A4CA1 /* WWeatherListViewController.swift */; };
		35B825EB2017F5FE003A4CA1 /* WWeatherDetailViewController.swift in Sources */ = {isa = PBXBuildFile; fileRef = 35B825EA2017F5FE003A4CA1 /* WWeatherDetailViewController.swift */; };
		35B825EE2017F5FE003A4CA1 /* Main.storyboard in Resources */ = {isa = PBXBuildFile; fileRef = 35B825EC2017F5FE003A4CA1 /* Main.storyboard */; };
		35B825F02017F5FE003A4CA1 /* Assets.xcassets in Resources */ = {isa = PBXBuildFile; fileRef = 35B825EF2017F5FE003A4CA1 /* Assets.xcassets */; };
		35B825F32017F5FE003A4CA1 /* LaunchScreen.storyboard in Resources */ = {isa = PBXBuildFile; fileRef = 35B825F12017F5FE003A4CA1 /* LaunchScreen.storyboard */; };
		35B825FE2017F5FE003A4CA1 /* WunderTDDTests.swift in Sources */ = {isa = PBXBuildFile; fileRef = 35B825FD2017F5FE003A4CA1 /* WunderTDDTests.swift */; };
		35B826092017F5FE003A4CA1 /* WunderTDDUITests.swift in Sources */ = {isa = PBXBuildFile; fileRef = 35B826082017F5FE003A4CA1 /* WunderTDDUITests.swift */; };
		35B826172017F9D0003A4CA1 /* README.md in Resources */ = {isa = PBXBuildFile; fileRef = 35B826162017F9D0003A4CA1 /* README.md */; };
		35B826192017F9D8003A4CA1 /* LICENSE in Resources */ = {isa = PBXBuildFile; fileRef = 35B826182017F9D8003A4CA1 /* LICENSE */; };
		35B8261B2017FAFC003A4CA1 /* WConfigurationViewController.swift in Sources */ = {isa = PBXBuildFile; fileRef = 35B8261A2017FAFC003A4CA1 /* WConfigurationViewController.swift */; };
		35C4B25D20954493000BC490 /* CHANGELOG.md in Resources */ = {isa = PBXBuildFile; fileRef = 35C4B25C20954493000BC490 /* CHANGELOG.md */; };
		9E428027B2C867B8D95A027D /* Pods_WunderTDD.framework in Frameworks */ = {isa = PBXBuildFile; fileRef = 15D9A59440D6099741487158 /* Pods_WunderTDD.framework */; };
		AC5E34886FA4EAEC7A57509B /* Pods_WunderTDDUITests.framework in Frameworks */ = {isa = PBXBuildFile; fileRef = CB09BD151A063EF3390419CE /* Pods_WunderTDDUITests.framework */; };
		E7B984D0DE39581682BBF4AE /* Pods_WunderTDDTests.framework in Frameworks */ = {isa = PBXBuildFile; fileRef = FADFE0E109E15DCCA4DBCAF0 /* Pods_WunderTDDTests.framework */; };
/* End PBXBuildFile section */

/* Begin PBXContainerItemProxy section */
		35586FCA20294CB1001D3BF2 /* PBXContainerItemProxy */ = {
			isa = PBXContainerItemProxy;
			containerPortal = 35B825D82017F5FE003A4CA1 /* Project object */;
			proxyType = 1;
			remoteGlobalIDString = 35586FC720294CB1001D3BF2;
			remoteInfo = "WatchTDD Extension";
		};
		35B825FA2017F5FE003A4CA1 /* PBXContainerItemProxy */ = {
			isa = PBXContainerItemProxy;
			containerPortal = 35B825D82017F5FE003A4CA1 /* Project object */;
			proxyType = 1;
			remoteGlobalIDString = 35B825DF2017F5FE003A4CA1;
			remoteInfo = WunderTDD;
		};
		35B826052017F5FE003A4CA1 /* PBXContainerItemProxy */ = {
			isa = PBXContainerItemProxy;
			containerPortal = 35B825D82017F5FE003A4CA1 /* Project object */;
			proxyType = 1;
			remoteGlobalIDString = 35B825DF2017F5FE003A4CA1;
			remoteInfo = WunderTDD;
		};
/* End PBXContainerItemProxy section */

/* Begin PBXCopyFilesBuildPhase section */
		35586FDF20294CB1001D3BF2 /* Embed App Extensions */ = {
			isa = PBXCopyFilesBuildPhase;
			buildActionMask = 2147483647;
			dstPath = "";
			dstSubfolderSpec = 13;
			files = (
				35586FC920294CB1001D3BF2 /* WatchTDD Extension.appex in Embed App Extensions */,
			);
			name = "Embed App Extensions";
			runOnlyForDeploymentPostprocessing = 0;
		};
		35586FE120294CB1001D3BF2 /* Embed Watch Content */ = {
			isa = PBXCopyFilesBuildPhase;
			buildActionMask = 2147483647;
			dstPath = "$(CONTENTS_FOLDER_PATH)/Watch";
			dstSubfolderSpec = 16;
			files = (
			);
			name = "Embed Watch Content";
			runOnlyForDeploymentPostprocessing = 0;
		};
/* End PBXCopyFilesBuildPhase section */

/* Begin PBXFileReference section */
		15D9A59440D6099741487158 /* Pods_WunderTDD.framework */ = {isa = PBXFileReference; explicitFileType = wrapper.framework; includeInIndex = 0; path = Pods_WunderTDD.framework; sourceTree = BUILT_PRODUCTS_DIR; };
		1D5DFB26B80F50381E15C5C8 /* Pods-WunderTDDTests.release.xcconfig */ = {isa = PBXFileReference; includeInIndex = 1; lastKnownFileType = text.xcconfig; name = "Pods-WunderTDDTests.release.xcconfig"; path = "Pods/Target Support Files/Pods-WunderTDDTests/Pods-WunderTDDTests.release.xcconfig"; sourceTree = "<group>"; };
		3523DF0420296FD40087D20A /* WatchTDD.entitlements */ = {isa = PBXFileReference; lastKnownFileType = text.plist.entitlements; path = WatchTDD.entitlements; sourceTree = "<group>"; };
		3523DF05202970140087D20A /* WunderTDD.entitlements */ = {isa = PBXFileReference; lastKnownFileType = text.plist.entitlements; path = WunderTDD.entitlements; sourceTree = "<group>"; };
		3523DF06202970290087D20A /* WatchTDD Extension.entitlements */ = {isa = PBXFileReference; lastKnownFileType = text.plist.entitlements; path = "WatchTDD Extension.entitlements"; sourceTree = "<group>"; };
		3533326D217ECD8900EDF076 /* Gemfile */ = {isa = PBXFileReference; lastKnownFileType = text; path = Gemfile; sourceTree = "<group>"; };
		3533326E217ECD9400EDF076 /* Podfile.lock */ = {isa = PBXFileReference; lastKnownFileType = text; path = Podfile.lock; sourceTree = "<group>"; };
		3542A6272017FEA0002E8A8E /* WWunderAPI.swift */ = {isa = PBXFileReference; lastKnownFileType = sourcecode.swift; path = WWunderAPI.swift; sourceTree = "<group>"; };
		3542A62920180831002E8A8E /* WeatherJSONStruct.swift */ = {isa = PBXFileReference; lastKnownFileType = sourcecode.swift; path = WeatherJSONStruct.swift; sourceTree = "<group>"; };
		3542A62B2018084B002E8A8E /* JSONReturnInfo.rtf */ = {isa = PBXFileReference; lastKnownFileType = text.rtf; path = JSONReturnInfo.rtf; sourceTree = "<group>"; };
		3542A62C20181906002E8A8E /* WWeatheTableViewCell.swift */ = {isa = PBXFileReference; lastKnownFileType = sourcecode.swift; path = WWeatheTableViewCell.swift; sourceTree = "<group>"; };
		35509A7C201B0A8900669891 /* URLComponentsFPPlayground.playground */ = {isa = PBXFileReference; lastKnownFileType = file.playground; path = URLComponentsFPPlayground.playground; sourceTree = "<group>"; xcLanguageSpecificationIdentifier = xcode.lang.swift; };
		35509A7D201B0B1C00669891 /* String+URLComponents.swift */ = {isa = PBXFileReference; lastKnownFileType = sourcecode.swift; path = "String+URLComponents.swift"; sourceTree = "<group>"; };
		35586FBC20294CB1001D3BF2 /* WatchTDD.app */ = {isa = PBXFileReference; explicitFileType = wrapper.application; includeInIndex = 0; path = WatchTDD.app; sourceTree = BUILT_PRODUCTS_DIR; };
		35586FBF20294CB1001D3BF2 /* Base */ = {isa = PBXFileReference; lastKnownFileType = file.storyboard; name = Base; path = Base.lproj/Interface.storyboard; sourceTree = "<group>"; };
		35586FC120294CB1001D3BF2 /* Assets.xcassets */ = {isa = PBXFileReference; lastKnownFileType = folder.assetcatalog; path = Assets.xcassets; sourceTree = "<group>"; };
		35586FC320294CB1001D3BF2 /* Info.plist */ = {isa = PBXFileReference; lastKnownFileType = text.plist.xml; path = Info.plist; sourceTree = "<group>"; };
		35586FC820294CB1001D3BF2 /* WatchTDD Extension.appex */ = {isa = PBXFileReference; explicitFileType = "wrapper.app-extension"; includeInIndex = 0; path = "WatchTDD Extension.appex"; sourceTree = BUILT_PRODUCTS_DIR; };
		35586FCF20294CB1001D3BF2 /* ExtensionDelegate.swift */ = {isa = PBXFileReference; lastKnownFileType = sourcecode.swift; path = ExtensionDelegate.swift; sourceTree = "<group>"; };
		35586FD120294CB1001D3BF2 /* NotificationController.swift */ = {isa = PBXFileReference; lastKnownFileType = sourcecode.swift; path = NotificationController.swift; sourceTree = "<group>"; };
		35586FD320294CB1001D3BF2 /* Assets.xcassets */ = {isa = PBXFileReference; lastKnownFileType = folder.assetcatalog; path = Assets.xcassets; sourceTree = "<group>"; };
		35586FD520294CB1001D3BF2 /* Info.plist */ = {isa = PBXFileReference; lastKnownFileType = text.plist.xml; path = Info.plist; sourceTree = "<group>"; };
		35586FD620294CB1001D3BF2 /* PushNotificationPayload.apns */ = {isa = PBXFileReference; lastKnownFileType = text; path = PushNotificationPayload.apns; sourceTree = "<group>"; };
		35B825E02017F5FE003A4CA1 /* WunderTDD.app */ = {isa = PBXFileReference; explicitFileType = wrapper.application; includeInIndex = 0; path = WunderTDD.app; sourceTree = BUILT_PRODUCTS_DIR; };
		35B825E32017F5FE003A4CA1 /* AppDelegate.swift */ = {isa = PBXFileReference; lastKnownFileType = sourcecode.swift; path = AppDelegate.swift; sourceTree = "<group>"; };
		35B825E62017F5FE003A4CA1 /* WunderTDD.xcdatamodel */ = {isa = PBXFileReference; lastKnownFileType = wrapper.xcdatamodel; path = WunderTDD.xcdatamodel; sourceTree = "<group>"; };
		35B825E82017F5FE003A4CA1 /* WWeatherListViewController.swift */ = {isa = PBXFileReference; lastKnownFileType = sourcecode.swift; path = WWeatherListViewController.swift; sourceTree = "<group>"; };
		35B825EA2017F5FE003A4CA1 /* WWeatherDetailViewController.swift */ = {isa = PBXFileReference; lastKnownFileType = sourcecode.swift; path = WWeatherDetailViewController.swift; sourceTree = "<group>"; };
		35B825ED2017F5FE003A4CA1 /* Base */ = {isa = PBXFileReference; lastKnownFileType = file.storyboard; name = Base; path = Base.lproj/Main.storyboard; sourceTree = "<group>"; };
		35B825EF2017F5FE003A4CA1 /* Assets.xcassets */ = {isa = PBXFileReference; lastKnownFileType = folder.assetcatalog; path = Assets.xcassets; sourceTree = "<group>"; };
		35B825F22017F5FE003A4CA1 /* Base */ = {isa = PBXFileReference; lastKnownFileType = file.storyboard; name = Base; path = Base.lproj/LaunchScreen.storyboard; sourceTree = "<group>"; };
		35B825F42017F5FE003A4CA1 /* Info.plist */ = {isa = PBXFileReference; lastKnownFileType = text.plist.xml; path = Info.plist; sourceTree = "<group>"; };
		35B825F92017F5FE003A4CA1 /* WunderTDDTests.xctest */ = {isa = PBXFileReference; explicitFileType = wrapper.cfbundle; includeInIndex = 0; path = WunderTDDTests.xctest; sourceTree = BUILT_PRODUCTS_DIR; };
		35B825FD2017F5FE003A4CA1 /* WunderTDDTests.swift */ = {isa = PBXFileReference; lastKnownFileType = sourcecode.swift; path = WunderTDDTests.swift; sourceTree = "<group>"; };
		35B825FF2017F5FE003A4CA1 /* Info.plist */ = {isa = PBXFileReference; lastKnownFileType = text.plist.xml; path = Info.plist; sourceTree = "<group>"; };
		35B826042017F5FE003A4CA1 /* WunderTDDUITests.xctest */ = {isa = PBXFileReference; explicitFileType = wrapper.cfbundle; includeInIndex = 0; path = WunderTDDUITests.xctest; sourceTree = BUILT_PRODUCTS_DIR; };
		35B826082017F5FE003A4CA1 /* WunderTDDUITests.swift */ = {isa = PBXFileReference; lastKnownFileType = sourcecode.swift; path = WunderTDDUITests.swift; sourceTree = "<group>"; };
		35B8260A2017F5FE003A4CA1 /* Info.plist */ = {isa = PBXFileReference; lastKnownFileType = text.plist.xml; path = Info.plist; sourceTree = "<group>"; };
		35B826162017F9D0003A4CA1 /* README.md */ = {isa = PBXFileReference; fileEncoding = 4; lastKnownFileType = net.daringfireball.markdown; path = README.md; sourceTree = "<group>"; };
		35B826182017F9D8003A4CA1 /* LICENSE */ = {isa = PBXFileReference; fileEncoding = 4; lastKnownFileType = text; path = LICENSE; sourceTree = "<group>"; };
		35B8261A2017FAFC003A4CA1 /* WConfigurationViewController.swift */ = {isa = PBXFileReference; lastKnownFileType = sourcecode.swift; path = WConfigurationViewController.swift; sourceTree = "<group>"; };
		35C4B25C20954493000BC490 /* CHANGELOG.md */ = {isa = PBXFileReference; lastKnownFileType = net.daringfireball.markdown; path = CHANGELOG.md; sourceTree = "<group>"; };
		42161F47F97E92F9BD9D5DD1 /* Pods-WunderTDDTests.debug.xcconfig */ = {isa = PBXFileReference; includeInIndex = 1; lastKnownFileType = text.xcconfig; name = "Pods-WunderTDDTests.debug.xcconfig"; path = "Pods/Target Support Files/Pods-WunderTDDTests/Pods-WunderTDDTests.debug.xcconfig"; sourceTree = "<group>"; };
		6E0FADA4AAA2ED5964B4AB9C /* Pods-WunderTDDUITests.debug.xcconfig */ = {isa = PBXFileReference; includeInIndex = 1; lastKnownFileType = text.xcconfig; name = "Pods-WunderTDDUITests.debug.xcconfig"; path = "Pods/Target Support Files/Pods-WunderTDDUITests/Pods-WunderTDDUITests.debug.xcconfig"; sourceTree = "<group>"; };
		ADE505A9BD42766C0E591533 /* Pods-WunderTDDUITests.release.xcconfig */ = {isa = PBXFileReference; includeInIndex = 1; lastKnownFileType = text.xcconfig; name = "Pods-WunderTDDUITests.release.xcconfig"; path = "Pods/Target Support Files/Pods-WunderTDDUITests/Pods-WunderTDDUITests.release.xcconfig"; sourceTree = "<group>"; };
		CB09BD151A063EF3390419CE /* Pods_WunderTDDUITests.framework */ = {isa = PBXFileReference; explicitFileType = wrapper.framework; includeInIndex = 0; path = Pods_WunderTDDUITests.framework; sourceTree = BUILT_PRODUCTS_DIR; };
		D8F6D5D9FD1EF6C9F458700C /* Pods-WunderTDD.release.xcconfig */ = {isa = PBXFileReference; includeInIndex = 1; lastKnownFileType = text.xcconfig; name = "Pods-WunderTDD.release.xcconfig"; path = "Pods/Target Support Files/Pods-WunderTDD/Pods-WunderTDD.release.xcconfig"; sourceTree = "<group>"; };
		F4C5D5819A0AF6D53F0BF635 /* Pods-WunderTDD.debug.xcconfig */ = {isa = PBXFileReference; includeInIndex = 1; lastKnownFileType = text.xcconfig; name = "Pods-WunderTDD.debug.xcconfig"; path = "Pods/Target Support Files/Pods-WunderTDD/Pods-WunderTDD.debug.xcconfig"; sourceTree = "<group>"; };
		FADFE0E109E15DCCA4DBCAF0 /* Pods_WunderTDDTests.framework */ = {isa = PBXFileReference; explicitFileType = wrapper.framework; includeInIndex = 0; path = Pods_WunderTDDTests.framework; sourceTree = BUILT_PRODUCTS_DIR; };
/* End PBXFileReference section */

/* Begin PBXFrameworksBuildPhase section */
		35586FC520294CB1001D3BF2 /* Frameworks */ = {
			isa = PBXFrameworksBuildPhase;
			buildActionMask = 2147483647;
			files = (
			);
			runOnlyForDeploymentPostprocessing = 0;
		};
		35B825DD2017F5FE003A4CA1 /* Frameworks */ = {
			isa = PBXFrameworksBuildPhase;
			buildActionMask = 2147483647;
			files = (
				9E428027B2C867B8D95A027D /* Pods_WunderTDD.framework in Frameworks */,
			);
			runOnlyForDeploymentPostprocessing = 0;
		};
		35B825F62017F5FE003A4CA1 /* Frameworks */ = {
			isa = PBXFrameworksBuildPhase;
			buildActionMask = 2147483647;
			files = (
				E7B984D0DE39581682BBF4AE /* Pods_WunderTDDTests.framework in Frameworks */,
			);
			runOnlyForDeploymentPostprocessing = 0;
		};
		35B826012017F5FE003A4CA1 /* Frameworks */ = {
			isa = PBXFrameworksBuildPhase;
			buildActionMask = 2147483647;
			files = (
				AC5E34886FA4EAEC7A57509B /* Pods_WunderTDDUITests.framework in Frameworks */,
			);
			runOnlyForDeploymentPostprocessing = 0;
		};
		FDEC31B2A9124DCB2B9F9F84 /* Frameworks */ = {
			isa = PBXFrameworksBuildPhase;
			buildActionMask = 2147483647;
			files = (
			);
			runOnlyForDeploymentPostprocessing = 0;
		};
/* End PBXFrameworksBuildPhase section */

/* Begin PBXGroup section */
		08387915FD1DC64B8D227310 /* Pods */ = {
			isa = PBXGroup;
			children = (
				F4C5D5819A0AF6D53F0BF635 /* Pods-WunderTDD.debug.xcconfig */,
				D8F6D5D9FD1EF6C9F458700C /* Pods-WunderTDD.release.xcconfig */,
				42161F47F97E92F9BD9D5DD1 /* Pods-WunderTDDTests.debug.xcconfig */,
				1D5DFB26B80F50381E15C5C8 /* Pods-WunderTDDTests.release.xcconfig */,
				6E0FADA4AAA2ED5964B4AB9C /* Pods-WunderTDDUITests.debug.xcconfig */,
				ADE505A9BD42766C0E591533 /* Pods-WunderTDDUITests.release.xcconfig */,
			);
			name = Pods;
			sourceTree = "<group>";
		};
		1E3166D7C8969831E2E1418A /* Frameworks */ = {
			isa = PBXGroup;
			children = (
				15D9A59440D6099741487158 /* Pods_WunderTDD.framework */,
				FADFE0E109E15DCCA4DBCAF0 /* Pods_WunderTDDTests.framework */,
				CB09BD151A063EF3390419CE /* Pods_WunderTDDUITests.framework */,
			);
			name = Frameworks;
			sourceTree = "<group>";
		};
		35586FBD20294CB1001D3BF2 /* WatchTDD */ = {
			isa = PBXGroup;
			children = (
				3523DF0420296FD40087D20A /* WatchTDD.entitlements */,
				35586FBE20294CB1001D3BF2 /* Interface.storyboard */,
				35586FC120294CB1001D3BF2 /* Assets.xcassets */,
				35586FC320294CB1001D3BF2 /* Info.plist */,
			);
			path = WatchTDD;
			sourceTree = "<group>";
		};
		35586FCC20294CB1001D3BF2 /* WatchTDD Extension */ = {
			isa = PBXGroup;
			children = (
				3523DF06202970290087D20A /* WatchTDD Extension.entitlements */,
				35586FCF20294CB1001D3BF2 /* ExtensionDelegate.swift */,
				35586FD120294CB1001D3BF2 /* NotificationController.swift */,
				35586FD320294CB1001D3BF2 /* Assets.xcassets */,
				35586FD520294CB1001D3BF2 /* Info.plist */,
				35586FD620294CB1001D3BF2 /* PushNotificationPayload.apns */,
			);
			path = "WatchTDD Extension";
			sourceTree = "<group>";
		};
		35B825D72017F5FE003A4CA1 = {
			isa = PBXGroup;
			children = (
				3533326E217ECD9400EDF076 /* Podfile.lock */,
				3533326D217ECD8900EDF076 /* Gemfile */,
				35509A7C201B0A8900669891 /* URLComponentsFPPlayground.playground */,
				35B826182017F9D8003A4CA1 /* LICENSE */,
				35B826162017F9D0003A4CA1 /* README.md */,
				35C4B25C20954493000BC490 /* CHANGELOG.md */,
				3542A62B2018084B002E8A8E /* JSONReturnInfo.rtf */,
				35B825E22017F5FE003A4CA1 /* WunderTDD */,
				35B825FC2017F5FE003A4CA1 /* WunderTDDTests */,
				35B826072017F5FE003A4CA1 /* WunderTDDUITests */,
				35586FBD20294CB1001D3BF2 /* WatchTDD */,
				35586FCC20294CB1001D3BF2 /* WatchTDD Extension */,
				35B825E12017F5FE003A4CA1 /* Products */,
				08387915FD1DC64B8D227310 /* Pods */,
				1E3166D7C8969831E2E1418A /* Frameworks */,
			);
			sourceTree = "<group>";
		};
		35B825E12017F5FE003A4CA1 /* Products */ = {
			isa = PBXGroup;
			children = (
				35B825E02017F5FE003A4CA1 /* WunderTDD.app */,
				35B825F92017F5FE003A4CA1 /* WunderTDDTests.xctest */,
				35B826042017F5FE003A4CA1 /* WunderTDDUITests.xctest */,
				35586FBC20294CB1001D3BF2 /* WatchTDD.app */,
				35586FC820294CB1001D3BF2 /* WatchTDD Extension.appex */,
			);
			name = Products;
			sourceTree = "<group>";
		};
		35B825E22017F5FE003A4CA1 /* WunderTDD */ = {
			isa = PBXGroup;
			children = (
				3523DF05202970140087D20A /* WunderTDD.entitlements */,
				35B825E32017F5FE003A4CA1 /* AppDelegate.swift */,
				35B825E82017F5FE003A4CA1 /* WWeatherListViewController.swift */,
				3542A62C20181906002E8A8E /* WWeatheTableViewCell.swift */,
				35B825EA2017F5FE003A4CA1 /* WWeatherDetailViewController.swift */,
				35B8261A2017FAFC003A4CA1 /* WConfigurationViewController.swift */,
				3542A6272017FEA0002E8A8E /* WWunderAPI.swift */,
				35509A7D201B0B1C00669891 /* String+URLComponents.swift */,
				3542A62920180831002E8A8E /* WeatherJSONStruct.swift */,
				35B825EC2017F5FE003A4CA1 /* Main.storyboard */,
				35B825EF2017F5FE003A4CA1 /* Assets.xcassets */,
				35B825F12017F5FE003A4CA1 /* LaunchScreen.storyboard */,
				35B825F42017F5FE003A4CA1 /* Info.plist */,
				35B825E52017F5FE003A4CA1 /* WunderTDD.xcdatamodeld */,
			);
			path = WunderTDD;
			sourceTree = "<group>";
		};
		35B825FC2017F5FE003A4CA1 /* WunderTDDTests */ = {
			isa = PBXGroup;
			children = (
				35B825FD2017F5FE003A4CA1 /* WunderTDDTests.swift */,
				35B825FF2017F5FE003A4CA1 /* Info.plist */,
			);
			path = WunderTDDTests;
			sourceTree = "<group>";
		};
		35B826072017F5FE003A4CA1 /* WunderTDDUITests */ = {
			isa = PBXGroup;
			children = (
				35B826082017F5FE003A4CA1 /* WunderTDDUITests.swift */,
				35B8260A2017F5FE003A4CA1 /* Info.plist */,
			);
			path = WunderTDDUITests;
			sourceTree = "<group>";
		};
/* End PBXGroup section */

/* Begin PBXNativeTarget section */
		35586FBB20294CB1001D3BF2 /* WatchTDD */ = {
			isa = PBXNativeTarget;
			buildConfigurationList = 35586FE020294CB1001D3BF2 /* Build configuration list for PBXNativeTarget "WatchTDD" */;
			buildPhases = (
				35586FBA20294CB1001D3BF2 /* Resources */,
				35586FDF20294CB1001D3BF2 /* Embed App Extensions */,
				FDEC31B2A9124DCB2B9F9F84 /* Frameworks */,
			);
			buildRules = (
			);
			dependencies = (
				35586FCB20294CB1001D3BF2 /* PBXTargetDependency */,
			);
			name = WatchTDD;
			productName = WatchTDD;
			productReference = 35586FBC20294CB1001D3BF2 /* WatchTDD.app */;
			productType = "com.apple.product-type.application.watchapp2";
		};
		35586FC720294CB1001D3BF2 /* WatchTDD Extension */ = {
			isa = PBXNativeTarget;
			buildConfigurationList = 35586FDE20294CB1001D3BF2 /* Build configuration list for PBXNativeTarget "WatchTDD Extension" */;
			buildPhases = (
				35586FC420294CB1001D3BF2 /* Sources */,
				35586FC520294CB1001D3BF2 /* Frameworks */,
				35586FC620294CB1001D3BF2 /* Resources */,
			);
			buildRules = (
			);
			dependencies = (
			);
			name = "WatchTDD Extension";
			productName = "WatchTDD Extension";
			productReference = 35586FC820294CB1001D3BF2 /* WatchTDD Extension.appex */;
			productType = "com.apple.product-type.watchkit2-extension";
		};
		35B825DF2017F5FE003A4CA1 /* WunderTDD */ = {
			isa = PBXNativeTarget;
			buildConfigurationList = 35B8260D2017F5FE003A4CA1 /* Build configuration list for PBXNativeTarget "WunderTDD" */;
			buildPhases = (
				7A60F2E35857FF5D064CDB5B /* [CP] Check Pods Manifest.lock */,
				35B825DC2017F5FE003A4CA1 /* Sources */,
				35B825DD2017F5FE003A4CA1 /* Frameworks */,
				35B825DE2017F5FE003A4CA1 /* Resources */,
				35586FE120294CB1001D3BF2 /* Embed Watch Content */,
				9A49AA5A9C3D0B44A7CFB14C /* [CP] Embed Pods Frameworks */,
			);
			buildRules = (
			);
			dependencies = (
			);
			name = WunderTDD;
			productName = WunderTDD;
			productReference = 35B825E02017F5FE003A4CA1 /* WunderTDD.app */;
			productType = "com.apple.product-type.application";
		};
		35B825F82017F5FE003A4CA1 /* WunderTDDTests */ = {
			isa = PBXNativeTarget;
			buildConfigurationList = 35B826102017F5FE003A4CA1 /* Build configuration list for PBXNativeTarget "WunderTDDTests" */;
			buildPhases = (
				B7CF77B686E93B36479625AA /* [CP] Check Pods Manifest.lock */,
				35B825F52017F5FE003A4CA1 /* Sources */,
				35B825F62017F5FE003A4CA1 /* Frameworks */,
				35B825F72017F5FE003A4CA1 /* Resources */,
				E5961268F554FA0EF6C4F254 /* [CP] Embed Pods Frameworks */,
			);
			buildRules = (
			);
			dependencies = (
				35B825FB2017F5FE003A4CA1 /* PBXTargetDependency */,
			);
			name = WunderTDDTests;
			productName = WunderTDDTests;
			productReference = 35B825F92017F5FE003A4CA1 /* WunderTDDTests.xctest */;
			productType = "com.apple.product-type.bundle.unit-test";
		};
		35B826032017F5FE003A4CA1 /* WunderTDDUITests */ = {
			isa = PBXNativeTarget;
			buildConfigurationList = 35B826132017F5FE003A4CA1 /* Build configuration list for PBXNativeTarget "WunderTDDUITests" */;
			buildPhases = (
				AC8AA7B73E59B89B9EF72900 /* [CP] Check Pods Manifest.lock */,
				35B826002017F5FE003A4CA1 /* Sources */,
				35B826012017F5FE003A4CA1 /* Frameworks */,
				35B826022017F5FE003A4CA1 /* Resources */,
				3278F3C1A8C2E03355A7CC9E /* [CP] Embed Pods Frameworks */,
			);
			buildRules = (
			);
			dependencies = (
				35B826062017F5FE003A4CA1 /* PBXTargetDependency */,
			);
			name = WunderTDDUITests;
			productName = WunderTDDUITests;
			productReference = 35B826042017F5FE003A4CA1 /* WunderTDDUITests.xctest */;
			productType = "com.apple.product-type.bundle.ui-testing";
		};
/* End PBXNativeTarget section */

/* Begin PBXProject section */
		35B825D82017F5FE003A4CA1 /* Project object */ = {
			isa = PBXProject;
			attributes = {
				LastSwiftUpdateCheck = 0920;
				LastUpgradeCheck = 1000;
				ORGANIZATIONNAME = "William Thompson";
				TargetAttributes = {
					35586FBB20294CB1001D3BF2 = {
						CreatedOnToolsVersion = 9.2;
						ProvisioningStyle = Automatic;
						SystemCapabilities = {
							com.apple.ApplicationGroups.iOS = {
								enabled = 1;
							};
						};
					};
					35586FC720294CB1001D3BF2 = {
						CreatedOnToolsVersion = 9.2;
						ProvisioningStyle = Automatic;
						SystemCapabilities = {
							com.apple.ApplicationGroups.iOS = {
								enabled = 1;
							};
						};
					};
					35B825DF2017F5FE003A4CA1 = {
						CreatedOnToolsVersion = 9.2;
						ProvisioningStyle = Automatic;
						SystemCapabilities = {
							com.apple.ApplicationGroups.iOS = {
								enabled = 1;
							};
						};
					};
					35B825F82017F5FE003A4CA1 = {
						CreatedOnToolsVersion = 9.2;
						ProvisioningStyle = Automatic;
						TestTargetID = 35B825DF2017F5FE003A4CA1;
					};
					35B826032017F5FE003A4CA1 = {
						CreatedOnToolsVersion = 9.2;
						ProvisioningStyle = Automatic;
						TestTargetID = 35B825DF2017F5FE003A4CA1;
					};
				};
			};
			buildConfigurationList = 35B825DB2017F5FE003A4CA1 /* Build configuration list for PBXProject "WunderTDD" */;
			compatibilityVersion = "Xcode 8.0";
			developmentRegion = en;
			hasScannedForEncodings = 0;
			knownRegions = (
				en,
				Base,
			);
			mainGroup = 35B825D72017F5FE003A4CA1;
			productRefGroup = 35B825E12017F5FE003A4CA1 /* Products */;
			projectDirPath = "";
			projectRoot = "";
			targets = (
				35B825DF2017F5FE003A4CA1 /* WunderTDD */,
				35B825F82017F5FE003A4CA1 /* WunderTDDTests */,
				35B826032017F5FE003A4CA1 /* WunderTDDUITests */,
				35586FBB20294CB1001D3BF2 /* WatchTDD */,
				35586FC720294CB1001D3BF2 /* WatchTDD Extension */,
			);
		};
/* End PBXProject section */

/* Begin PBXResourcesBuildPhase section */
		35586FBA20294CB1001D3BF2 /* Resources */ = {
			isa = PBXResourcesBuildPhase;
			buildActionMask = 2147483647;
			files = (
				35586FC220294CB1001D3BF2 /* Assets.xcassets in Resources */,
				35586FC020294CB1001D3BF2 /* Interface.storyboard in Resources */,
			);
			runOnlyForDeploymentPostprocessing = 0;
		};
		35586FC620294CB1001D3BF2 /* Resources */ = {
			isa = PBXResourcesBuildPhase;
			buildActionMask = 2147483647;
			files = (
				35586FD420294CB1001D3BF2 /* Assets.xcassets in Resources */,
			);
			runOnlyForDeploymentPostprocessing = 0;
		};
		35B825DE2017F5FE003A4CA1 /* Resources */ = {
			isa = PBXResourcesBuildPhase;
			buildActionMask = 2147483647;
			files = (
				35B825F32017F5FE003A4CA1 /* LaunchScreen.storyboard in Resources */,
				35C4B25D20954493000BC490 /* CHANGELOG.md in Resources */,
				35B825F02017F5FE003A4CA1 /* Assets.xcassets in Resources */,
				35B826172017F9D0003A4CA1 /* README.md in Resources */,
				35B825EE2017F5FE003A4CA1 /* Main.storyboard in Resources */,
				35B826192017F9D8003A4CA1 /* LICENSE in Resources */,
			);
			runOnlyForDeploymentPostprocessing = 0;
		};
		35B825F72017F5FE003A4CA1 /* Resources */ = {
			isa = PBXResourcesBuildPhase;
			buildActionMask = 2147483647;
			files = (
			);
			runOnlyForDeploymentPostprocessing = 0;
		};
		35B826022017F5FE003A4CA1 /* Resources */ = {
			isa = PBXResourcesBuildPhase;
			buildActionMask = 2147483647;
			files = (
			);
			runOnlyForDeploymentPostprocessing = 0;
		};
/* End PBXResourcesBuildPhase section */

/* Begin PBXShellScriptBuildPhase section */
		3278F3C1A8C2E03355A7CC9E /* [CP] Embed Pods Frameworks */ = {
			isa = PBXShellScriptBuildPhase;
			buildActionMask = 2147483647;
			files = (
			);
			inputPaths = (
				"${SRCROOT}/Pods/Target Support Files/Pods-WunderTDDUITests/Pods-WunderTDDUITests-frameworks.sh",
				"${PODS_ROOT}/Alamofire/Alamofire.framework",
				"${BUILT_PRODUCTS_DIR}/Log4swift/Log4swift.framework",
				"${PODS_ROOT}/Realm/Realm.framework",
				"${PODS_ROOT}/RealmSwift/RealmSwift.framework",
				"${PODS_ROOT}/RxAlamofire/RxAlamofire.framework",
				"${PODS_ROOT}/RxAtomic/RxAtomic.framework",
				"${PODS_ROOT}/RxCocoa/RxCocoa.framework",
				"${PODS_ROOT}/RxSwift/RxSwift.framework",
				"${BUILT_PRODUCTS_DIR}/SnapKit/SnapKit.framework",
				"${PODS_ROOT}/SwiftyGif/SwiftyGif.framework",
				"${PODS_ROOT}/Mockingjay/Mockingjay.framework",
				"${PODS_ROOT}/RxTest/RxTest.framework",
				"${PODS_ROOT}/URITemplate/URITemplate.framework",
			);
			name = "[CP] Embed Pods Frameworks";
			outputPaths = (
				"${TARGET_BUILD_DIR}/${FRAMEWORKS_FOLDER_PATH}/Alamofire.framework",
				"${TARGET_BUILD_DIR}/${FRAMEWORKS_FOLDER_PATH}/Log4swift.framework",
				"${TARGET_BUILD_DIR}/${FRAMEWORKS_FOLDER_PATH}/Realm.framework",
				"${TARGET_BUILD_DIR}/${FRAMEWORKS_FOLDER_PATH}/RealmSwift.framework",
				"${TARGET_BUILD_DIR}/${FRAMEWORKS_FOLDER_PATH}/RxAlamofire.framework",
				"${TARGET_BUILD_DIR}/${FRAMEWORKS_FOLDER_PATH}/RxAtomic.framework",
				"${TARGET_BUILD_DIR}/${FRAMEWORKS_FOLDER_PATH}/RxCocoa.framework",
				"${TARGET_BUILD_DIR}/${FRAMEWORKS_FOLDER_PATH}/RxSwift.framework",
				"${TARGET_BUILD_DIR}/${FRAMEWORKS_FOLDER_PATH}/SnapKit.framework",
				"${TARGET_BUILD_DIR}/${FRAMEWORKS_FOLDER_PATH}/SwiftyGif.framework",
				"${TARGET_BUILD_DIR}/${FRAMEWORKS_FOLDER_PATH}/Mockingjay.framework",
				"${TARGET_BUILD_DIR}/${FRAMEWORKS_FOLDER_PATH}/RxTest.framework",
				"${TARGET_BUILD_DIR}/${FRAMEWORKS_FOLDER_PATH}/URITemplate.framework",
			);
			runOnlyForDeploymentPostprocessing = 0;
			shellPath = /bin/sh;
			shellScript = "\"${SRCROOT}/Pods/Target Support Files/Pods-WunderTDDUITests/Pods-WunderTDDUITests-frameworks.sh\"\n";
			showEnvVarsInLog = 0;
		};
		7A60F2E35857FF5D064CDB5B /* [CP] Check Pods Manifest.lock */ = {
			isa = PBXShellScriptBuildPhase;
			buildActionMask = 2147483647;
			files = (
			);
			inputPaths = (
				"${PODS_PODFILE_DIR_PATH}/Podfile.lock",
				"${PODS_ROOT}/Manifest.lock",
			);
			name = "[CP] Check Pods Manifest.lock";
			outputPaths = (
				"$(DERIVED_FILE_DIR)/Pods-WunderTDD-checkManifestLockResult.txt",
			);
			runOnlyForDeploymentPostprocessing = 0;
			shellPath = /bin/sh;
			shellScript = "diff \"${PODS_PODFILE_DIR_PATH}/Podfile.lock\" \"${PODS_ROOT}/Manifest.lock\" > /dev/null\nif [ $? != 0 ] ; then\n    # print error to STDERR\n    echo \"error: The sandbox is not in sync with the Podfile.lock. Run 'pod install' or update your CocoaPods installation.\" >&2\n    exit 1\nfi\n# This output is used by Xcode 'outputs' to avoid re-running this script phase.\necho \"SUCCESS\" > \"${SCRIPT_OUTPUT_FILE_0}\"\n";
			showEnvVarsInLog = 0;
		};
		9A49AA5A9C3D0B44A7CFB14C /* [CP] Embed Pods Frameworks */ = {
			isa = PBXShellScriptBuildPhase;
			buildActionMask = 2147483647;
			files = (
			);
			inputPaths = (
				"${SRCROOT}/Pods/Target Support Files/Pods-WunderTDD/Pods-WunderTDD-frameworks.sh",
				"${PODS_ROOT}/Alamofire/Alamofire.framework",
				"${BUILT_PRODUCTS_DIR}/Log4swift/Log4swift.framework",
				"${PODS_ROOT}/Realm/Realm.framework",
				"${PODS_ROOT}/RealmSwift/RealmSwift.framework",
				"${PODS_ROOT}/RxAlamofire/RxAlamofire.framework",
				"${PODS_ROOT}/RxAtomic/RxAtomic.framework",
				"${PODS_ROOT}/RxCocoa/RxCocoa.framework",
				"${PODS_ROOT}/RxSwift/RxSwift.framework",
				"${BUILT_PRODUCTS_DIR}/SnapKit/SnapKit.framework",
				"${PODS_ROOT}/SwiftyGif/SwiftyGif.framework",
			);
			name = "[CP] Embed Pods Frameworks";
			outputPaths = (
				"${TARGET_BUILD_DIR}/${FRAMEWORKS_FOLDER_PATH}/Alamofire.framework",
				"${TARGET_BUILD_DIR}/${FRAMEWORKS_FOLDER_PATH}/Log4swift.framework",
				"${TARGET_BUILD_DIR}/${FRAMEWORKS_FOLDER_PATH}/Realm.framework",
				"${TARGET_BUILD_DIR}/${FRAMEWORKS_FOLDER_PATH}/RealmSwift.framework",
				"${TARGET_BUILD_DIR}/${FRAMEWORKS_FOLDER_PATH}/RxAlamofire.framework",
				"${TARGET_BUILD_DIR}/${FRAMEWORKS_FOLDER_PATH}/RxAtomic.framework",
				"${TARGET_BUILD_DIR}/${FRAMEWORKS_FOLDER_PATH}/RxCocoa.framework",
				"${TARGET_BUILD_DIR}/${FRAMEWORKS_FOLDER_PATH}/RxSwift.framework",
				"${TARGET_BUILD_DIR}/${FRAMEWORKS_FOLDER_PATH}/SnapKit.framework",
				"${TARGET_BUILD_DIR}/${FRAMEWORKS_FOLDER_PATH}/SwiftyGif.framework",
			);
			runOnlyForDeploymentPostprocessing = 0;
			shellPath = /bin/sh;
			shellScript = "\"${SRCROOT}/Pods/Target Support Files/Pods-WunderTDD/Pods-WunderTDD-frameworks.sh\"\n";
			showEnvVarsInLog = 0;
		};
		AC8AA7B73E59B89B9EF72900 /* [CP] Check Pods Manifest.lock */ = {
			isa = PBXShellScriptBuildPhase;
			buildActionMask = 2147483647;
			files = (
			);
			inputPaths = (
				"${PODS_PODFILE_DIR_PATH}/Podfile.lock",
				"${PODS_ROOT}/Manifest.lock",
			);
			name = "[CP] Check Pods Manifest.lock";
			outputPaths = (
				"$(DERIVED_FILE_DIR)/Pods-WunderTDDUITests-checkManifestLockResult.txt",
			);
			runOnlyForDeploymentPostprocessing = 0;
			shellPath = /bin/sh;
			shellScript = "diff \"${PODS_PODFILE_DIR_PATH}/Podfile.lock\" \"${PODS_ROOT}/Manifest.lock\" > /dev/null\nif [ $? != 0 ] ; then\n    # print error to STDERR\n    echo \"error: The sandbox is not in sync with the Podfile.lock. Run 'pod install' or update your CocoaPods installation.\" >&2\n    exit 1\nfi\n# This output is used by Xcode 'outputs' to avoid re-running this script phase.\necho \"SUCCESS\" > \"${SCRIPT_OUTPUT_FILE_0}\"\n";
			showEnvVarsInLog = 0;
		};
		B7CF77B686E93B36479625AA /* [CP] Check Pods Manifest.lock */ = {
			isa = PBXShellScriptBuildPhase;
			buildActionMask = 2147483647;
			files = (
			);
			inputPaths = (
				"${PODS_PODFILE_DIR_PATH}/Podfile.lock",
				"${PODS_ROOT}/Manifest.lock",
			);
			name = "[CP] Check Pods Manifest.lock";
			outputPaths = (
				"$(DERIVED_FILE_DIR)/Pods-WunderTDDTests-checkManifestLockResult.txt",
			);
			runOnlyForDeploymentPostprocessing = 0;
			shellPath = /bin/sh;
			shellScript = "diff \"${PODS_PODFILE_DIR_PATH}/Podfile.lock\" \"${PODS_ROOT}/Manifest.lock\" > /dev/null\nif [ $? != 0 ] ; then\n    # print error to STDERR\n    echo \"error: The sandbox is not in sync with the Podfile.lock. Run 'pod install' or update your CocoaPods installation.\" >&2\n    exit 1\nfi\n# This output is used by Xcode 'outputs' to avoid re-running this script phase.\necho \"SUCCESS\" > \"${SCRIPT_OUTPUT_FILE_0}\"\n";
			showEnvVarsInLog = 0;
		};
		E5961268F554FA0EF6C4F254 /* [CP] Embed Pods Frameworks */ = {
			isa = PBXShellScriptBuildPhase;
			buildActionMask = 2147483647;
			files = (
			);
			inputPaths = (
				"${SRCROOT}/Pods/Target Support Files/Pods-WunderTDDTests/Pods-WunderTDDTests-frameworks.sh",
				"${PODS_ROOT}/Alamofire/Alamofire.framework",
				"${BUILT_PRODUCTS_DIR}/Log4swift/Log4swift.framework",
				"${PODS_ROOT}/Realm/Realm.framework",
				"${PODS_ROOT}/RealmSwift/RealmSwift.framework",
				"${PODS_ROOT}/RxAlamofire/RxAlamofire.framework",
				"${PODS_ROOT}/RxAtomic/RxAtomic.framework",
				"${PODS_ROOT}/RxCocoa/RxCocoa.framework",
				"${PODS_ROOT}/RxSwift/RxSwift.framework",
				"${BUILT_PRODUCTS_DIR}/SnapKit/SnapKit.framework",
				"${PODS_ROOT}/SwiftyGif/SwiftyGif.framework",
				"${PODS_ROOT}/Mockingjay/Mockingjay.framework",
				"${PODS_ROOT}/RxTest/RxTest.framework",
				"${PODS_ROOT}/URITemplate/URITemplate.framework",
			);
			name = "[CP] Embed Pods Frameworks";
			outputPaths = (
				"${TARGET_BUILD_DIR}/${FRAMEWORKS_FOLDER_PATH}/Alamofire.framework",
				"${TARGET_BUILD_DIR}/${FRAMEWORKS_FOLDER_PATH}/Log4swift.framework",
				"${TARGET_BUILD_DIR}/${FRAMEWORKS_FOLDER_PATH}/Realm.framework",
				"${TARGET_BUILD_DIR}/${FRAMEWORKS_FOLDER_PATH}/RealmSwift.framework",
				"${TARGET_BUILD_DIR}/${FRAMEWORKS_FOLDER_PATH}/RxAlamofire.framework",
				"${TARGET_BUILD_DIR}/${FRAMEWORKS_FOLDER_PATH}/RxAtomic.framework",
				"${TARGET_BUILD_DIR}/${FRAMEWORKS_FOLDER_PATH}/RxCocoa.framework",
				"${TARGET_BUILD_DIR}/${FRAMEWORKS_FOLDER_PATH}/RxSwift.framework",
				"${TARGET_BUILD_DIR}/${FRAMEWORKS_FOLDER_PATH}/SnapKit.framework",
				"${TARGET_BUILD_DIR}/${FRAMEWORKS_FOLDER_PATH}/SwiftyGif.framework",
				"${TARGET_BUILD_DIR}/${FRAMEWORKS_FOLDER_PATH}/Mockingjay.framework",
				"${TARGET_BUILD_DIR}/${FRAMEWORKS_FOLDER_PATH}/RxTest.framework",
				"${TARGET_BUILD_DIR}/${FRAMEWORKS_FOLDER_PATH}/URITemplate.framework",
			);
			runOnlyForDeploymentPostprocessing = 0;
			shellPath = /bin/sh;
			shellScript = "\"${SRCROOT}/Pods/Target Support Files/Pods-WunderTDDTests/Pods-WunderTDDTests-frameworks.sh\"\n";
			showEnvVarsInLog = 0;
		};
/* End PBXShellScriptBuildPhase section */

/* Begin PBXSourcesBuildPhase section */
		35586FC420294CB1001D3BF2 /* Sources */ = {
			isa = PBXSourcesBuildPhase;
			buildActionMask = 2147483647;
			files = (
				35586FD220294CB1001D3BF2 /* NotificationController.swift in Sources */,
				3523DF072029714F0087D20A /* WunderTDD.xcdatamodeld in Sources */,
				35586FD020294CB1001D3BF2 /* ExtensionDelegate.swift in Sources */,
			);
			runOnlyForDeploymentPostprocessing = 0;
		};
		35B825DC2017F5FE003A4CA1 /* Sources */ = {
			isa = PBXSourcesBuildPhase;
			buildActionMask = 2147483647;
			files = (
				3542A62A20180831002E8A8E /* WeatherJSONStruct.swift in Sources */,
				35B825E42017F5FE003A4CA1 /* AppDelegate.swift in Sources */,
				35B825E72017F5FE003A4CA1 /* WunderTDD.xcdatamodeld in Sources */,
				35B825E92017F5FE003A4CA1 /* WWeatherListViewController.swift in Sources */,
				35B825EB2017F5FE003A4CA1 /* WWeatherDetailViewController.swift in Sources */,
				3542A62D20181906002E8A8E /* WWeatheTableViewCell.swift in Sources */,
				35B8261B2017FAFC003A4CA1 /* WConfigurationViewController.swift in Sources */,
				3542A6282017FEA0002E8A8E /* WWunderAPI.swift in Sources */,
				35509A7E201B0B1C00669891 /* String+URLComponents.swift in Sources */,
			);
			runOnlyForDeploymentPostprocessing = 0;
		};
		35B825F52017F5FE003A4CA1 /* Sources */ = {
			isa = PBXSourcesBuildPhase;
			buildActionMask = 2147483647;
			files = (
				35B825FE2017F5FE003A4CA1 /* WunderTDDTests.swift in Sources */,
			);
			runOnlyForDeploymentPostprocessing = 0;
		};
		35B826002017F5FE003A4CA1 /* Sources */ = {
			isa = PBXSourcesBuildPhase;
			buildActionMask = 2147483647;
			files = (
				35B826092017F5FE003A4CA1 /* WunderTDDUITests.swift in Sources */,
			);
			runOnlyForDeploymentPostprocessing = 0;
		};
/* End PBXSourcesBuildPhase section */

/* Begin PBXTargetDependency section */
		35586FCB20294CB1001D3BF2 /* PBXTargetDependency */ = {
			isa = PBXTargetDependency;
			target = 35586FC720294CB1001D3BF2 /* WatchTDD Extension */;
			targetProxy = 35586FCA20294CB1001D3BF2 /* PBXContainerItemProxy */;
		};
		35B825FB2017F5FE003A4CA1 /* PBXTargetDependency */ = {
			isa = PBXTargetDependency;
			target = 35B825DF2017F5FE003A4CA1 /* WunderTDD */;
			targetProxy = 35B825FA2017F5FE003A4CA1 /* PBXContainerItemProxy */;
		};
		35B826062017F5FE003A4CA1 /* PBXTargetDependency */ = {
			isa = PBXTargetDependency;
			target = 35B825DF2017F5FE003A4CA1 /* WunderTDD */;
			targetProxy = 35B826052017F5FE003A4CA1 /* PBXContainerItemProxy */;
		};
/* End PBXTargetDependency section */

/* Begin PBXVariantGroup section */
		35586FBE20294CB1001D3BF2 /* Interface.storyboard */ = {
			isa = PBXVariantGroup;
			children = (
				35586FBF20294CB1001D3BF2 /* Base */,
			);
			name = Interface.storyboard;
			sourceTree = "<group>";
		};
		35B825EC2017F5FE003A4CA1 /* Main.storyboard */ = {
			isa = PBXVariantGroup;
			children = (
				35B825ED2017F5FE003A4CA1 /* Base */,
			);
			name = Main.storyboard;
			sourceTree = "<group>";
		};
		35B825F12017F5FE003A4CA1 /* LaunchScreen.storyboard */ = {
			isa = PBXVariantGroup;
			children = (
				35B825F22017F5FE003A4CA1 /* Base */,
			);
			name = LaunchScreen.storyboard;
			sourceTree = "<group>";
		};
/* End PBXVariantGroup section */

/* Begin XCBuildConfiguration section */
		35586FDA20294CB1001D3BF2 /* Debug */ = {
			isa = XCBuildConfiguration;
			buildSettings = {
				ALWAYS_EMBED_SWIFT_STANDARD_LIBRARIES = YES;
				ASSETCATALOG_COMPILER_APPICON_NAME = AppIcon;
				CODE_SIGN_ENTITLEMENTS = WatchTDD/WatchTDD.entitlements;
				CODE_SIGN_STYLE = Automatic;
				DEVELOPMENT_TEAM = 8SHR49PSPX;
				IBSC_MODULE = WatchTDD_Extension;
				INFOPLIST_FILE = WatchTDD/Info.plist;
				PRODUCT_BUNDLE_IDENTIFIER = com.willynillyinc.WunderTDD.watchkitapp;
				PRODUCT_NAME = "$(TARGET_NAME)";
				SDKROOT = watchos;
				SKIP_INSTALL = YES;
				SWIFT_VERSION = 4.2;
				TARGETED_DEVICE_FAMILY = 4;
				WATCHOS_DEPLOYMENT_TARGET = 4.2;
			};
			name = Debug;
		};
		35586FDB20294CB1001D3BF2 /* Release */ = {
			isa = XCBuildConfiguration;
			buildSettings = {
				ALWAYS_EMBED_SWIFT_STANDARD_LIBRARIES = YES;
				ASSETCATALOG_COMPILER_APPICON_NAME = AppIcon;
				CODE_SIGN_ENTITLEMENTS = WatchTDD/WatchTDD.entitlements;
				CODE_SIGN_STYLE = Automatic;
				DEVELOPMENT_TEAM = 8SHR49PSPX;
				IBSC_MODULE = WatchTDD_Extension;
				INFOPLIST_FILE = WatchTDD/Info.plist;
				PRODUCT_BUNDLE_IDENTIFIER = com.willynillyinc.WunderTDD.watchkitapp;
				PRODUCT_NAME = "$(TARGET_NAME)";
				SDKROOT = watchos;
				SKIP_INSTALL = YES;
				SWIFT_VERSION = 4.2;
				TARGETED_DEVICE_FAMILY = 4;
				WATCHOS_DEPLOYMENT_TARGET = 4.2;
			};
			name = Release;
		};
		35586FDC20294CB1001D3BF2 /* Debug */ = {
			isa = XCBuildConfiguration;
			buildSettings = {
				ASSETCATALOG_COMPILER_COMPLICATION_NAME = Complication;
				CODE_SIGN_ENTITLEMENTS = "WatchTDD Extension/WatchTDD Extension.entitlements";
				CODE_SIGN_STYLE = Automatic;
				DEVELOPMENT_TEAM = 8SHR49PSPX;
				INFOPLIST_FILE = "WatchTDD Extension/Info.plist";
				LD_RUNPATH_SEARCH_PATHS = "$(inherited) @executable_path/Frameworks @executable_path/../../Frameworks";
				PRODUCT_BUNDLE_IDENTIFIER = com.willynillyinc.WunderTDD.watchkitapp.watchkitextension;
				PRODUCT_NAME = "${TARGET_NAME}";
				SDKROOT = watchos;
				SKIP_INSTALL = YES;
				SWIFT_VERSION = 4.2;
				TARGETED_DEVICE_FAMILY = 4;
				WATCHOS_DEPLOYMENT_TARGET = 4.2;
			};
			name = Debug;
		};
		35586FDD20294CB1001D3BF2 /* Release */ = {
			isa = XCBuildConfiguration;
			buildSettings = {
				ASSETCATALOG_COMPILER_COMPLICATION_NAME = Complication;
				CODE_SIGN_ENTITLEMENTS = "WatchTDD Extension/WatchTDD Extension.entitlements";
				CODE_SIGN_STYLE = Automatic;
				DEVELOPMENT_TEAM = 8SHR49PSPX;
				INFOPLIST_FILE = "WatchTDD Extension/Info.plist";
				LD_RUNPATH_SEARCH_PATHS = "$(inherited) @executable_path/Frameworks @executable_path/../../Frameworks";
				PRODUCT_BUNDLE_IDENTIFIER = com.willynillyinc.WunderTDD.watchkitapp.watchkitextension;
				PRODUCT_NAME = "${TARGET_NAME}";
				SDKROOT = watchos;
				SKIP_INSTALL = YES;
				SWIFT_VERSION = 4.2;
				TARGETED_DEVICE_FAMILY = 4;
				WATCHOS_DEPLOYMENT_TARGET = 4.2;
			};
			name = Release;
		};
		35B8260B2017F5FE003A4CA1 /* Debug */ = {
			isa = XCBuildConfiguration;
			buildSettings = {
				ALWAYS_SEARCH_USER_PATHS = NO;
				CLANG_ANALYZER_NONNULL = YES;
				CLANG_ANALYZER_NUMBER_OBJECT_CONVERSION = YES_AGGRESSIVE;
				CLANG_CXX_LANGUAGE_STANDARD = "gnu++14";
				CLANG_CXX_LIBRARY = "libc++";
				CLANG_ENABLE_MODULES = YES;
				CLANG_ENABLE_OBJC_ARC = YES;
				CLANG_WARN_BLOCK_CAPTURE_AUTORELEASING = YES;
				CLANG_WARN_BOOL_CONVERSION = YES;
				CLANG_WARN_COMMA = YES;
				CLANG_WARN_CONSTANT_CONVERSION = YES;
				CLANG_WARN_DEPRECATED_OBJC_IMPLEMENTATIONS = YES;
				CLANG_WARN_DIRECT_OBJC_ISA_USAGE = YES_ERROR;
				CLANG_WARN_DOCUMENTATION_COMMENTS = YES;
				CLANG_WARN_EMPTY_BODY = YES;
				CLANG_WARN_ENUM_CONVERSION = YES;
				CLANG_WARN_INFINITE_RECURSION = YES;
				CLANG_WARN_INT_CONVERSION = YES;
				CLANG_WARN_NON_LITERAL_NULL_CONVERSION = YES;
				CLANG_WARN_OBJC_IMPLICIT_RETAIN_SELF = YES;
				CLANG_WARN_OBJC_LITERAL_CONVERSION = YES;
				CLANG_WARN_OBJC_ROOT_CLASS = YES_ERROR;
				CLANG_WARN_RANGE_LOOP_ANALYSIS = YES;
				CLANG_WARN_STRICT_PROTOTYPES = YES;
				CLANG_WARN_SUSPICIOUS_MOVE = YES;
				CLANG_WARN_UNGUARDED_AVAILABILITY = YES_AGGRESSIVE;
				CLANG_WARN_UNREACHABLE_CODE = YES;
				CLANG_WARN__DUPLICATE_METHOD_MATCH = YES;
				CODE_SIGN_IDENTITY = "iPhone Developer";
				COPY_PHASE_STRIP = NO;
				DEBUG_INFORMATION_FORMAT = dwarf;
				ENABLE_STRICT_OBJC_MSGSEND = YES;
				ENABLE_TESTABILITY = YES;
				GCC_C_LANGUAGE_STANDARD = gnu11;
				GCC_DYNAMIC_NO_PIC = NO;
				GCC_NO_COMMON_BLOCKS = YES;
				GCC_OPTIMIZATION_LEVEL = 0;
				GCC_PREPROCESSOR_DEFINITIONS = (
					"DEBUG=1",
					"$(inherited)",
				);
				GCC_WARN_64_TO_32_BIT_CONVERSION = YES;
				GCC_WARN_ABOUT_RETURN_TYPE = YES_ERROR;
				GCC_WARN_UNDECLARED_SELECTOR = YES;
				GCC_WARN_UNINITIALIZED_AUTOS = YES_AGGRESSIVE;
				GCC_WARN_UNUSED_FUNCTION = YES;
				GCC_WARN_UNUSED_VARIABLE = YES;
				IPHONEOS_DEPLOYMENT_TARGET = 11.0;
				MTL_ENABLE_DEBUG_INFO = YES;
				ONLY_ACTIVE_ARCH = YES;
				SDKROOT = iphoneos;
				SWIFT_ACTIVE_COMPILATION_CONDITIONS = DEBUG;
				SWIFT_OPTIMIZATION_LEVEL = "-Onone";
			};
			name = Debug;
		};
		35B8260C2017F5FE003A4CA1 /* Release */ = {
			isa = XCBuildConfiguration;
			buildSettings = {
				ALWAYS_SEARCH_USER_PATHS = NO;
				CLANG_ANALYZER_NONNULL = YES;
				CLANG_ANALYZER_NUMBER_OBJECT_CONVERSION = YES_AGGRESSIVE;
				CLANG_CXX_LANGUAGE_STANDARD = "gnu++14";
				CLANG_CXX_LIBRARY = "libc++";
				CLANG_ENABLE_MODULES = YES;
				CLANG_ENABLE_OBJC_ARC = YES;
				CLANG_WARN_BLOCK_CAPTURE_AUTORELEASING = YES;
				CLANG_WARN_BOOL_CONVERSION = YES;
				CLANG_WARN_COMMA = YES;
				CLANG_WARN_CONSTANT_CONVERSION = YES;
				CLANG_WARN_DEPRECATED_OBJC_IMPLEMENTATIONS = YES;
				CLANG_WARN_DIRECT_OBJC_ISA_USAGE = YES_ERROR;
				CLANG_WARN_DOCUMENTATION_COMMENTS = YES;
				CLANG_WARN_EMPTY_BODY = YES;
				CLANG_WARN_ENUM_CONVERSION = YES;
				CLANG_WARN_INFINITE_RECURSION = YES;
				CLANG_WARN_INT_CONVERSION = YES;
				CLANG_WARN_NON_LITERAL_NULL_CONVERSION = YES;
				CLANG_WARN_OBJC_IMPLICIT_RETAIN_SELF = YES;
				CLANG_WARN_OBJC_LITERAL_CONVERSION = YES;
				CLANG_WARN_OBJC_ROOT_CLASS = YES_ERROR;
				CLANG_WARN_RANGE_LOOP_ANALYSIS = YES;
				CLANG_WARN_STRICT_PROTOTYPES = YES;
				CLANG_WARN_SUSPICIOUS_MOVE = YES;
				CLANG_WARN_UNGUARDED_AVAILABILITY = YES_AGGRESSIVE;
				CLANG_WARN_UNREACHABLE_CODE = YES;
				CLANG_WARN__DUPLICATE_METHOD_MATCH = YES;
				CODE_SIGN_IDENTITY = "iPhone Developer";
				COPY_PHASE_STRIP = NO;
				DEBUG_INFORMATION_FORMAT = "dwarf-with-dsym";
				ENABLE_NS_ASSERTIONS = NO;
				ENABLE_STRICT_OBJC_MSGSEND = YES;
				GCC_C_LANGUAGE_STANDARD = gnu11;
				GCC_NO_COMMON_BLOCKS = YES;
				GCC_WARN_64_TO_32_BIT_CONVERSION = YES;
				GCC_WARN_ABOUT_RETURN_TYPE = YES_ERROR;
				GCC_WARN_UNDECLARED_SELECTOR = YES;
				GCC_WARN_UNINITIALIZED_AUTOS = YES_AGGRESSIVE;
				GCC_WARN_UNUSED_FUNCTION = YES;
				GCC_WARN_UNUSED_VARIABLE = YES;
				IPHONEOS_DEPLOYMENT_TARGET = 11.0;
				MTL_ENABLE_DEBUG_INFO = NO;
				SDKROOT = iphoneos;
				SWIFT_OPTIMIZATION_LEVEL = "-Owholemodule";
				VALIDATE_PRODUCT = YES;
			};
			name = Release;
		};
		35B8260E2017F5FE003A4CA1 /* Debug */ = {
			isa = XCBuildConfiguration;
			baseConfigurationReference = F4C5D5819A0AF6D53F0BF635 /* Pods-WunderTDD.debug.xcconfig */;
			buildSettings = {
				ASSETCATALOG_COMPILER_APPICON_NAME = AppIcon;
				CODE_SIGN_ENTITLEMENTS = WunderTDD/WunderTDD.entitlements;
				CODE_SIGN_STYLE = Automatic;
				DEVELOPMENT_TEAM = 8SHR49PSPX;
				INFOPLIST_FILE = WunderTDD/Info.plist;
				LD_RUNPATH_SEARCH_PATHS = "$(inherited) @executable_path/Frameworks";
				PRODUCT_BUNDLE_IDENTIFIER = com.willynillyinc.WunderTDD;
				PRODUCT_NAME = "$(TARGET_NAME)";
				SWIFT_VERSION = 4.2;
				TARGETED_DEVICE_FAMILY = "1,2";
			};
			name = Debug;
		};
		35B8260F2017F5FE003A4CA1 /* Release */ = {
			isa = XCBuildConfiguration;
			baseConfigurationReference = D8F6D5D9FD1EF6C9F458700C /* Pods-WunderTDD.release.xcconfig */;
			buildSettings = {
				ASSETCATALOG_COMPILER_APPICON_NAME = AppIcon;
				CODE_SIGN_ENTITLEMENTS = WunderTDD/WunderTDD.entitlements;
				CODE_SIGN_STYLE = Automatic;
				DEVELOPMENT_TEAM = 8SHR49PSPX;
				INFOPLIST_FILE = WunderTDD/Info.plist;
				LD_RUNPATH_SEARCH_PATHS = "$(inherited) @executable_path/Frameworks";
				PRODUCT_BUNDLE_IDENTIFIER = com.willynillyinc.WunderTDD;
				PRODUCT_NAME = "$(TARGET_NAME)";
				SWIFT_VERSION = 4.2;
				TARGETED_DEVICE_FAMILY = "1,2";
			};
			name = Release;
		};
		35B826112017F5FE003A4CA1 /* Debug */ = {
			isa = XCBuildConfiguration;
			baseConfigurationReference = 42161F47F97E92F9BD9D5DD1 /* Pods-WunderTDDTests.debug.xcconfig */;
			buildSettings = {
				ALWAYS_EMBED_SWIFT_STANDARD_LIBRARIES = YES;
				BUNDLE_LOADER = "$(TEST_HOST)";
				CODE_SIGN_STYLE = Automatic;
				DEVELOPMENT_TEAM = 8SHR49PSPX;
				INFOPLIST_FILE = WunderTDDTests/Info.plist;
				LD_RUNPATH_SEARCH_PATHS = "$(inherited) @executable_path/Frameworks @loader_path/Frameworks";
				PRODUCT_BUNDLE_IDENTIFIER = com.willynillyinc.WunderTDDTests;
				PRODUCT_NAME = "$(TARGET_NAME)";
				SWIFT_VERSION = 4.2;
				TARGETED_DEVICE_FAMILY = "1,2";
				TEST_HOST = "$(BUILT_PRODUCTS_DIR)/WunderTDD.app/WunderTDD";
			};
			name = Debug;
		};
		35B826122017F5FE003A4CA1 /* Release */ = {
			isa = XCBuildConfiguration;
			baseConfigurationReference = 1D5DFB26B80F50381E15C5C8 /* Pods-WunderTDDTests.release.xcconfig */;
			buildSettings = {
				ALWAYS_EMBED_SWIFT_STANDARD_LIBRARIES = YES;
				BUNDLE_LOADER = "$(TEST_HOST)";
				CODE_SIGN_STYLE = Automatic;
				DEVELOPMENT_TEAM = 8SHR49PSPX;
				INFOPLIST_FILE = WunderTDDTests/Info.plist;
				LD_RUNPATH_SEARCH_PATHS = "$(inherited) @executable_path/Frameworks @loader_path/Frameworks";
				PRODUCT_BUNDLE_IDENTIFIER = com.willynillyinc.WunderTDDTests;
				PRODUCT_NAME = "$(TARGET_NAME)";
				SWIFT_VERSION = 4.2;
				TARGETED_DEVICE_FAMILY = "1,2";
				TEST_HOST = "$(BUILT_PRODUCTS_DIR)/WunderTDD.app/WunderTDD";
			};
			name = Release;
		};
		35B826142017F5FE003A4CA1 /* Debug */ = {
			isa = XCBuildConfiguration;
			baseConfigurationReference = 6E0FADA4AAA2ED5964B4AB9C /* Pods-WunderTDDUITests.debug.xcconfig */;
			buildSettings = {
				ALWAYS_EMBED_SWIFT_STANDARD_LIBRARIES = YES;
				CODE_SIGN_STYLE = Automatic;
				DEVELOPMENT_TEAM = 8SHR49PSPX;
				INFOPLIST_FILE = WunderTDDUITests/Info.plist;
				LD_RUNPATH_SEARCH_PATHS = "$(inherited) @executable_path/Frameworks @loader_path/Frameworks";
				PRODUCT_BUNDLE_IDENTIFIER = com.willynillyinc.WunderTDDUITests;
				PRODUCT_NAME = "$(TARGET_NAME)";
				SWIFT_VERSION = 4.2;
				TARGETED_DEVICE_FAMILY = "1,2";
				TEST_TARGET_NAME = WunderTDD;
			};
			name = Debug;
		};
		35B826152017F5FE003A4CA1 /* Release */ = {
			isa = XCBuildConfiguration;
			baseConfigurationReference = ADE505A9BD42766C0E591533 /* Pods-WunderTDDUITests.release.xcconfig */;
			buildSettings = {
				ALWAYS_EMBED_SWIFT_STANDARD_LIBRARIES = YES;
				CODE_SIGN_STYLE = Automatic;
				DEVELOPMENT_TEAM = 8SHR49PSPX;
				INFOPLIST_FILE = WunderTDDUITests/Info.plist;
				LD_RUNPATH_SEARCH_PATHS = "$(inherited) @executable_path/Frameworks @loader_path/Frameworks";
				PRODUCT_BUNDLE_IDENTIFIER = com.willynillyinc.WunderTDDUITests;
				PRODUCT_NAME = "$(TARGET_NAME)";
				SWIFT_VERSION = 4.2;
				TARGETED_DEVICE_FAMILY = "1,2";
				TEST_TARGET_NAME = WunderTDD;
			};
			name = Release;
		};
/* End XCBuildConfiguration section */

/* Begin XCConfigurationList section */
		35586FDE20294CB1001D3BF2 /* Build configuration list for PBXNativeTarget "WatchTDD Extension" */ = {
			isa = XCConfigurationList;
			buildConfigurations = (
				35586FDC20294CB1001D3BF2 /* Debug */,
				35586FDD20294CB1001D3BF2 /* Release */,
			);
			defaultConfigurationIsVisible = 0;
			defaultConfigurationName = Release;
		};
		35586FE020294CB1001D3BF2 /* Build configuration list for PBXNativeTarget "WatchTDD" */ = {
			isa = XCConfigurationList;
			buildConfigurations = (
				35586FDA20294CB1001D3BF2 /* Debug */,
				35586FDB20294CB1001D3BF2 /* Release */,
			);
			defaultConfigurationIsVisible = 0;
			defaultConfigurationName = Release;
		};
		35B825DB2017F5FE003A4CA1 /* Build configuration list for PBXProject "WunderTDD" */ = {
			isa = XCConfigurationList;
			buildConfigurations = (
				35B8260B2017F5FE003A4CA1 /* Debug */,
				35B8260C2017F5FE003A4CA1 /* Release */,
			);
			defaultConfigurationIsVisible = 0;
			defaultConfigurationName = Release;
		};
		35B8260D2017F5FE003A4CA1 /* Build configuration list for PBXNativeTarget "WunderTDD" */ = {
			isa = XCConfigurationList;
			buildConfigurations = (
				35B8260E2017F5FE003A4CA1 /* Debug */,
				35B8260F2017F5FE003A4CA1 /* Release */,
			);
			defaultConfigurationIsVisible = 0;
			defaultConfigurationName = Release;
		};
		35B826102017F5FE003A4CA1 /* Build configuration list for PBXNativeTarget "WunderTDDTests" */ = {
			isa = XCConfigurationList;
			buildConfigurations = (
				35B826112017F5FE003A4CA1 /* Debug */,
				35B826122017F5FE003A4CA1 /* Release */,
			);
			defaultConfigurationIsVisible = 0;
			defaultConfigurationName = Release;
		};
		35B826132017F5FE003A4CA1 /* Build configuration list for PBXNativeTarget "WunderTDDUITests" */ = {
			isa = XCConfigurationList;
			buildConfigurations = (
				35B826142017F5FE003A4CA1 /* Debug */,
				35B826152017F5FE003A4CA1 /* Release */,
			);
			defaultConfigurationIsVisible = 0;
			defaultConfigurationName = Release;
		};
/* End XCConfigurationList section */

/* Begin XCVersionGroup section */
		35B825E52017F5FE003A4CA1 /* WunderTDD.xcdatamodeld */ = {
			isa = XCVersionGroup;
			children = (
				35B825E62017F5FE003A4CA1 /* WunderTDD.xcdatamodel */,
			);
			currentVersion = 35B825E62017F5FE003A4CA1 /* WunderTDD.xcdatamodel */;
			path = WunderTDD.xcdatamodeld;
			sourceTree = "<group>";
			versionGroupType = wrapper.xcdatamodel;
		};
/* End XCVersionGroup section */
	};
	rootObject = 35B825D82017F5FE003A4CA1 /* Project object */;
}
